
Microsoft Visual Studio Solution File, Format Version 12.00
# Visual Studio Version 16
VisualStudioVersion = 16.0.30330.147
MinimumVisualStudioVersion = 10.0.40219.1
Project("{9A19103F-16F7-4668-BE54-9A1E7A4F7556}") = "TimeLine", "TimeLine\TimeLine.csproj", "{5DE2B3EE-33BD-4275-A5B1-7D99D82BAC12}"
EndProject
Project("{9A19103F-16F7-4668-BE54-9A1E7A4F7556}") = "TimeLine.Tests", "TimeLine.Tests\TimeLine.Tests.csproj", "{4018A69D-6528-41BC-ABF6-3586F32CD4D6}"
EndProject
Project("{9A19103F-16F7-4668-BE54-9A1E7A4F7556}") = "MortuusLogger", "..\..\Library\MortuusLogger\MortuusLogger\MortuusLogger.csproj", "{03FAD6F2-6F2B-4DE0-BBA9-1806A9703DBD}"
EndProject
Project("{FAE04EC0-301F-11D3-BF4B-00C04F79EFBC}") = "TimeLine.Core", "TimeLine.Core\TimeLine.Core.csproj", "{FF9EACEC-8C39-4DE0-83FB-8EB8D8351103}"
EndProject
Global
	GlobalSection(SolutionConfigurationPlatforms) = preSolution
		Debug|Any CPU = Debug|Any CPU
		Release|Any CPU = Release|Any CPU
	EndGlobalSection
	GlobalSection(ProjectConfigurationPlatforms) = postSolution
		{5DE2B3EE-33BD-4275-A5B1-7D99D82BAC12}.Debug|Any CPU.ActiveCfg = Debug|Any CPU
		{5DE2B3EE-33BD-4275-A5B1-7D99D82BAC12}.Debug|Any CPU.Build.0 = Debug|Any CPU
		{5DE2B3EE-33BD-4275-A5B1-7D99D82BAC12}.Release|Any CPU.ActiveCfg = Release|Any CPU
		{5DE2B3EE-33BD-4275-A5B1-7D99D82BAC12}.Release|Any CPU.Build.0 = Release|Any CPU
		{4018A69D-6528-41BC-ABF6-3586F32CD4D6}.Debug|Any CPU.ActiveCfg = Debug|Any CPU
		{4018A69D-6528-41BC-ABF6-3586F32CD4D6}.Debug|Any CPU.Build.0 = Debug|Any CPU
		{4018A69D-6528-41BC-ABF6-3586F32CD4D6}.Release|Any CPU.ActiveCfg = Release|Any CPU
		{4018A69D-6528-41BC-ABF6-3586F32CD4D6}.Release|Any CPU.Build.0 = Release|Any CPU
		{03FAD6F2-6F2B-4DE0-BBA9-1806A9703DBD}.Debug|Any CPU.ActiveCfg = Debug|Any CPU
		{03FAD6F2-6F2B-4DE0-BBA9-1806A9703DBD}.Debug|Any CPU.Build.0 = Debug|Any CPU
		{03FAD6F2-6F2B-4DE0-BBA9-1806A9703DBD}.Release|Any CPU.ActiveCfg = Release|Any CPU
		{03FAD6F2-6F2B-4DE0-BBA9-1806A9703DBD}.Release|Any CPU.Build.0 = Release|Any CPU
		{FF9EACEC-8C39-4DE0-83FB-8EB8D8351103}.Debug|Any CPU.ActiveCfg = Debug|Any CPU
		{FF9EACEC-8C39-4DE0-83FB-8EB8D8351103}.Debug|Any CPU.Build.0 = Debug|Any CPU
		{FF9EACEC-8C39-4DE0-83FB-8EB8D8351103}.Release|Any CPU.ActiveCfg = Release|Any CPU
		{FF9EACEC-8C39-4DE0-83FB-8EB8D8351103}.Release|Any CPU.Build.0 = Release|Any CPU
	EndGlobalSection
	GlobalSection(SolutionProperties) = preSolution
		HideSolutionNode = FALSE
	EndGlobalSection
	GlobalSection(ExtensibilityGlobals) = postSolution
		SolutionGuid = {A838E8C6-D859-4932-A5F5-8B43D28144C0}
	EndGlobalSection
EndGlobal
